<?xml version="1.0" encoding="utf-8"?>
<Project ToolsVersion="4.0" xmlns="http://schemas.microsoft.com/developer/msbuild/2003">
  <ItemGroup>
    <Filter Include="Gameplay">
      <UniqueIdentifier>{960b6e9d-ce87-4f51-97f1-2e293af9bfc3}</UniqueIdentifier>
    </Filter>
    <Filter Include="Document">
      <UniqueIdentifier>{8f6262e8-8950-43f3-a0f7-ee09a9ca5217}</UniqueIdentifier>
    </Filter>
    <Filter Include="Framework">
      <UniqueIdentifier>{4FC737F1-C7A5-4376-A066-2A32D752A2FF}</UniqueIdentifier>
      <Extensions>cpp;c;cc;cxx;c++;cppm;ixx;def;odl;idl;hpj;bat;asm;asmx</Extensions>
    </Filter>
    <Filter Include="Subsystem">
      <UniqueIdentifier>{db0f11a9-ccf5-4203-9158-3a2ead48d3d9}</UniqueIdentifier>
    </Filter>
    <Filter Include="Subsystem\Light">
      <UniqueIdentifier>{f626191b-0bfa-4dfd-8b42-23f9291f5498}</UniqueIdentifier>
    </Filter>
    <Filter Include="Subsystem\Widget">
      <UniqueIdentifier>{d0361121-5eb5-489c-8d4b-f2dbbd3d68d4}</UniqueIdentifier>
    </Filter>
    <Filter Include="Definition">
      <UniqueIdentifier>{39a8183f-1c9d-44d9-a715-e9a4b43617e7}</UniqueIdentifier>
    </Filter>
  </ItemGroup>
  <ItemGroup>
    <None Include="..\..\Docs\README.md">
      <Filter>Document</Filter>
    </None>
  </ItemGroup>
  <ItemGroup>
    <ClCompile Include="Framework\ActorHandle.cpp">
      <Filter>Framework</Filter>
    </ClCompile>
    <ClCompile Include="Framework\AIController.cpp">
      <Filter>Framework</Filter>
    </ClCompile>
    <ClCompile Include="Framework\Animation.cpp">
      <Filter>Framework</Filter>
    </ClCompile>
    <ClCompile Include="Framework\AnimationGroup.cpp">
      <Filter>Framework</Filter>
    </ClCompile>
    <ClCompile Include="Framework\App.cpp">
      <Filter>Framework</Filter>
    </ClCompile>
    <ClCompile Include="Framework\Controller.cpp">
      <Filter>Framework</Filter>
    </ClCompile>
    <ClCompile Include="Framework\GameCommon.cpp">
      <Filter>Framework</Filter>
    </ClCompile>
    <ClCompile Include="Framework\Main_Windows.cpp">
      <Filter>Framework</Filter>
    </ClCompile>
    <ClCompile Include="Framework\PlayerController.cpp">
      <Filter>Framework</Filter>
    </ClCompile>
    <ClCompile Include="Gameplay\Actor.cpp">
      <Filter>Gameplay</Filter>
    </ClCompile>
    <ClCompile Include="Gameplay\Game.cpp">
      <Filter>Gameplay</Filter>
    </ClCompile>
    <ClCompile Include="Gameplay\HUD.cpp">
      <Filter>Gameplay</Filter>
    </ClCompile>
    <ClCompile Include="Gameplay\Map.cpp">
      <Filter>Gameplay</Filter>
    </ClCompile>
    <ClCompile Include="Gameplay\Sound.cpp">
      <Filter>Gameplay</Filter>
    </ClCompile>
    <ClCompile Include="Gameplay\Tile.cpp">
      <Filter>Gameplay</Filter>
    </ClCompile>
    <ClCompile Include="Gameplay\Weapon.cpp">
      <Filter>Gameplay</Filter>
    </ClCompile>
    <ClCompile Include="Subsystem\Light\LightSubsystem.cpp">
      <Filter>Subsystem\Light</Filter>
    </ClCompile>
    <ClCompile Include="Subsystem\Widget\WidgetBase.cpp">
      <Filter>Subsystem\Widget</Filter>
    </ClCompile>
    <ClCompile Include="Subsystem\Widget\WidgetSubsystem.cpp">
      <Filter>Subsystem\Widget</Filter>
    </ClCompile>
    <ClCompile Include="Definition\ActorDefinition.cpp">
      <Filter>Definition</Filter>
    </ClCompile>
    <ClCompile Include="Definition\MapDefinition.cpp">
      <Filter>Definition</Filter>
    </ClCompile>
    <ClCompile Include="Definition\TileDefinition.cpp">
      <Filter>Definition</Filter>
    </ClCompile>
    <ClCompile Include="Definition\WeaponDefinition.cpp">
      <Filter>Definition</Filter>
    </ClCompile>
  </ItemGroup>
  <ItemGroup>
    <ClInclude Include="Framework\ActorHandle.hpp">
      <Filter>Framework</Filter>
    </ClInclude>
    <ClInclude Include="Framework\AIController.hpp">
      <Filter>Framework</Filter>
    </ClInclude>
    <ClInclude Include="Framework\Animation.hpp">
      <Filter>Framework</Filter>
    </ClInclude>
    <ClInclude Include="Framework\AnimationGroup.hpp">
      <Filter>Framework</Filter>
    </ClInclude>
    <ClInclude Include="Framework\App.hpp">
      <Filter>Framework</Filter>
    </ClInclude>
    <ClInclude Include="Framework\Controller.hpp">
      <Filter>Framework</Filter>
    </ClInclude>
    <ClInclude Include="Framework\GameCommon.hpp">
      <Filter>Framework</Filter>
    </ClInclude>
    <ClInclude Include="Framework\PlayerController.hpp">
      <Filter>Framework</Filter>
    </ClInclude>
    <ClInclude Include="Gameplay\Actor.hpp">
      <Filter>Gameplay</Filter>
    </ClInclude>
    <ClInclude Include="Gameplay\Game.hpp">
      <Filter>Gameplay</Filter>
    </ClInclude>
    <ClInclude Include="Gameplay\HUD.hpp">
      <Filter>Gameplay</Filter>
    </ClInclude>
    <ClInclude Include="Gameplay\Map.hpp">
      <Filter>Gameplay</Filter>
    </ClInclude>
    <ClInclude Include="Gameplay\Sound.hpp">
      <Filter>Gameplay</Filter>
    </ClInclude>
    <ClInclude Include="Gameplay\Tile.hpp">
      <Filter>Gameplay</Filter>
    </ClInclude>
    <ClInclude Include="Gameplay\Weapon.hpp">
      <Filter>Gameplay</Filter>
    </ClInclude>
    <ClInclude Include="Subsystem\Light\LightSubsystem.hpp">
      <Filter>Subsystem\Light</Filter>
    </ClInclude>
    <ClInclude Include="Subsystem\Widget\WidgetBase.hpp">
      <Filter>Subsystem\Widget</Filter>
    </ClInclude>
    <ClInclude Include="Subsystem\Widget\WidgetSubsystem.hpp">
      <Filter>Subsystem\Widget</Filter>
    </ClInclude>
    <ClInclude Include="Definition\ActorDefinition.hpp">
      <Filter>Definition</Filter>
    </ClInclude>
    <ClInclude Include="Definition\MapDefinition.hpp">
      <Filter>Definition</Filter>
    </ClInclude>
    <ClInclude Include="Definition\TileDefinition.hpp">
      <Filter>Definition</Filter>
    </ClInclude>
    <ClInclude Include="Definition\WeaponDefinition.hpp">
      <Filter>Definition</Filter>
    </ClInclude>
  </ItemGroup>
</Project>